
Microsoft Visual Studio Solution File, Format Version 12.00
# Visual Studio Version 17
VisualStudioVersion = 17.10.35122.118
MinimumVisualStudioVersion = 10.0.40219.1
Project("{FAE04EC0-301F-11D3-BF4B-00C04F79EFBC}") = "OGRIT-Database-Custom-App", "OGRIT-Database-Custom-App\OGRIT-Database-Custom-App.csproj", "{F35D2BF1-E5E8-49EA-8E48-FD11F64AA0DF}"
EndProject
Global
	GlobalSection(SolutionConfigurationPlatforms) = preSolution
		Debug|Any CPU = Debug|Any CPU
		Release|Any CPU = Release|Any CPU
	EndGlobalSection
	GlobalSection(ProjectConfigurationPlatforms) = postSolution
		{F35D2BF1-E5E8-49EA-8E48-FD11F64AA0DF}.Debug|Any CPU.ActiveCfg = Debug|Any CPU
		{F35D2BF1-E5E8-49EA-8E48-FD11F64AA0DF}.Debug|Any CPU.Build.0 = Debug|Any CPU
		{F35D2BF1-E5E8-49EA-8E48-FD11F64AA0DF}.Release|Any CPU.ActiveCfg = Release|Any CPU
		{F35D2BF1-E5E8-49EA-8E48-FD11F64AA0DF}.Release|Any CPU.Build.0 = Release|Any CPU
	EndGlobalSection
	GlobalSection(SolutionProperties) = preSolution
		HideSolutionNode = FALSE
	EndGlobalSection
	GlobalSection(ExtensibilityGlobals) = postSolution
		SolutionGuid = {D36901A9-9B7E-4D63-B95A-D61B1E1C50BC}
	EndGlobalSection
EndGlobal
